
Microsoft Visual Studio Solution File, Format Version 12.00
# Visual Studio Version 16
VisualStudioVersion = 16.0.29806.167
MinimumVisualStudioVersion = 10.0.40219.1
Project("{FAE04EC0-301F-11D3-BF4B-00C04F79EFBC}") = "WeatherApp.UWP", "WeatherApp.UWP\WeatherApp.UWP.csproj", "{4F17C35B-0407-4BE1-BC1F-EED207AEC90F}"
EndProject
Project("{FAE04EC0-301F-11D3-BF4B-00C04F79EFBC}") = "WeatherApp.Android", "WeatherApp.Android\WeatherApp.Android.csproj", "{552CB674-5565-4CC2-A40E-411111D131EC}"
EndProject
Project("{FAE04EC0-301F-11D3-BF4B-00C04F79EFBC}") = "WeatherApp.iOS", "WeatherApp.iOS\WeatherApp.iOS.csproj", "{7C53F21F-2697-459D-905B-C764E9C802CE}"
EndProject
Project("{FAE04EC0-301F-11D3-BF4B-00C04F79EFBC}") = "WeatherApp", "WeatherApp\WeatherApp.csproj", "{F7717DB5-FB68-44D4-BDB8-217BF37BDB00}"
EndProject
Global
	GlobalSection(SolutionConfigurationPlatforms) = preSolution
		Debug|Any CPU = Debug|Any CPU
		Debug|ARM = Debug|ARM
		Debug|iPhone = Debug|iPhone
		Debug|iPhoneSimulator = Debug|iPhoneSimulator
		Debug|x64 = Debug|x64
		Debug|x86 = Debug|x86
		Release|Any CPU = Release|Any CPU
		Release|ARM = Release|ARM
		Release|iPhone = Release|iPhone
		Release|iPhoneSimulator = Release|iPhoneSimulator
		Release|x64 = Release|x64
		Release|x86 = Release|x86
	EndGlobalSection
	GlobalSection(ProjectConfigurationPlatforms) = postSolution
		{4F17C35B-0407-4BE1-BC1F-EED207AEC90F}.Debug|Any CPU.ActiveCfg = Debug|x86
		{4F17C35B-0407-4BE1-BC1F-EED207AEC90F}.Debug|Any CPU.Build.0 = Debug|x86
		{4F17C35B-0407-4BE1-BC1F-EED207AEC90F}.Debug|Any CPU.Deploy.0 = Debug|x86
		{4F17C35B-0407-4BE1-BC1F-EED207AEC90F}.Debug|ARM.ActiveCfg = Debug|ARM
		{4F17C35B-0407-4BE1-BC1F-EED207AEC90F}.Debug|ARM.Build.0 = Debug|ARM
		{4F17C35B-0407-4BE1-BC1F-EED207AEC90F}.Debug|ARM.Deploy.0 = Debug|ARM
		{4F17C35B-0407-4BE1-BC1F-EED207AEC90F}.Debug|iPhone.ActiveCfg = Debug|x86
		{4F17C35B-0407-4BE1-BC1F-EED207AEC90F}.Debug|iPhone.Build.0 = Debug|x86
		{4F17C35B-0407-4BE1-BC1F-EED207AEC90F}.Debug|iPhone.Deploy.0 = Debug|x86
		{4F17C35B-0407-4BE1-BC1F-EED207AEC90F}.Debug|iPhoneSimulator.ActiveCfg = Debug|x86
		{4F17C35B-0407-4BE1-BC1F-EED207AEC90F}.Debug|iPhoneSimulator.Build.0 = Debug|x86
		{4F17C35B-0407-4BE1-BC1F-EED207AEC90F}.Debug|iPhoneSimulator.Deploy.0 = Debug|x86
		{4F17C35B-0407-4BE1-BC1F-EED207AEC90F}.Debug|x64.ActiveCfg = Debug|x64
		{4F17C35B-0407-4BE1-BC1F-EED207AEC90F}.Debug|x64.Build.0 = Debug|x64
		{4F17C35B-0407-4BE1-BC1F-EED207AEC90F}.Debug|x64.Deploy.0 = Debug|x64
		{4F17C35B-0407-4BE1-BC1F-EED207AEC90F}.Debug|x86.ActiveCfg = Debug|x86
		{4F17C35B-0407-4BE1-BC1F-EED207AEC90F}.Debug|x86.Build.0 = Debug|x86
		{4F17C35B-0407-4BE1-BC1F-EED207AEC90F}.Debug|x86.Deploy.0 = Debug|x86
		{4F17C35B-0407-4BE1-BC1F-EED207AEC90F}.Release|Any CPU.ActiveCfg = Release|x86
		{4F17C35B-0407-4BE1-BC1F-EED207AEC90F}.Release|Any CPU.Build.0 = Release|x86
		{4F17C35B-0407-4BE1-BC1F-EED207AEC90F}.Release|Any CPU.Deploy.0 = Release|x86
		{4F17C35B-0407-4BE1-BC1F-EED207AEC90F}.Release|ARM.ActiveCfg = Release|ARM
		{4F17C35B-0407-4BE1-BC1F-EED207AEC90F}.Release|ARM.Build.0 = Release|ARM
		{4F17C35B-0407-4BE1-BC1F-EED207AEC90F}.Release|ARM.Deploy.0 = Release|ARM
		{4F17C35B-0407-4BE1-BC1F-EED207AEC90F}.Release|iPhone.ActiveCfg = Release|x86
		{4F17C35B-0407-4BE1-BC1F-EED207AEC90F}.Release|iPhone.Build.0 = Release|x86
		{4F17C35B-0407-4BE1-BC1F-EED207AEC90F}.Release|iPhone.Deploy.0 = Release|x86
		{4F17C35B-0407-4BE1-BC1F-EED207AEC90F}.Release|iPhoneSimulator.ActiveCfg = Release|x86
		{4F17C35B-0407-4BE1-BC1F-EED207AEC90F}.Release|iPhoneSimulator.Build.0 = Release|x86
		{4F17C35B-0407-4BE1-BC1F-EED207AEC90F}.Release|iPhoneSimulator.Deploy.0 = Release|x86
		{4F17C35B-0407-4BE1-BC1F-EED207AEC90F}.Release|x64.ActiveCfg = Release|x64
		{4F17C35B-0407-4BE1-BC1F-EED207AEC90F}.Release|x64.Build.0 = Release|x64
		{4F17C35B-0407-4BE1-BC1F-EED207AEC90F}.Release|x64.Deploy.0 = Release|x64
		{4F17C35B-0407-4BE1-BC1F-EED207AEC90F}.Release|x86.ActiveCfg = Release|x86
		{4F17C35B-0407-4BE1-BC1F-EED207AEC90F}.Release|x86.Build.0 = Release|x86
		{4F17C35B-0407-4BE1-BC1F-EED207AEC90F}.Release|x86.Deploy.0 = Release|x86
		{552CB674-5565-4CC2-A40E-411111D131EC}.Debug|Any CPU.ActiveCfg = Debug|Any CPU
		{552CB674-5565-4CC2-A40E-411111D131EC}.Debug|Any CPU.Build.0 = Debug|Any CPU
		{552CB674-5565-4CC2-A40E-411111D131EC}.Debug|Any CPU.Deploy.0 = Debug|Any CPU
		{552CB674-5565-4CC2-A40E-411111D131EC}.Debug|ARM.ActiveCfg = Debug|Any CPU
		{552CB674-5565-4CC2-A40E-411111D131EC}.Debug|ARM.Build.0 = Debug|Any CPU
		{552CB674-5565-4CC2-A40E-411111D131EC}.Debug|ARM.Deploy.0 = Debug|Any CPU
		{552CB674-5565-4CC2-A40E-411111D131EC}.Debug|iPhone.ActiveCfg = Debug|Any CPU
		{552CB674-5565-4CC2-A40E-411111D131EC}.Debug|iPhone.Build.0 = Debug|Any CPU
		{552CB674-5565-4CC2-A40E-411111D131EC}.Debug|iPhone.Deploy.0 = Debug|Any CPU
		{552CB674-5565-4CC2-A40E-411111D131EC}.Debug|iPhoneSimulator.ActiveCfg = Debug|Any CPU
		{552CB674-5565-4CC2-A40E-411111D131EC}.Debug|iPhoneSimulator.Build.0 = Debug|Any CPU
		{552CB674-5565-4CC2-A40E-411111D131EC}.Debug|iPhoneSimulator.Deploy.0 = Debug|Any CPU
		{552CB674-5565-4CC2-A40E-411111D131EC}.Debug|x64.ActiveCfg = Debug|Any CPU
		{552CB674-5565-4CC2-A40E-411111D131EC}.Debug|x64.Build.0 = Debug|Any CPU
		{552CB674-5565-4CC2-A40E-411111D131EC}.Debug|x64.Deploy.0 = Debug|Any CPU
		{552CB674-5565-4CC2-A40E-411111D131EC}.Debug|x86.ActiveCfg = Debug|Any CPU
		{552CB674-5565-4CC2-A40E-411111D131EC}.Debug|x86.Build.0 = Debug|Any CPU
		{552CB674-5565-4CC2-A40E-411111D131EC}.Debug|x86.Deploy.0 = Debug|Any CPU
		{552CB674-5565-4CC2-A40E-411111D131EC}.Release|Any CPU.ActiveCfg = Release|Any CPU
		{552CB674-5565-4CC2-A40E-411111D131EC}.Release|Any CPU.Build.0 = Release|Any CPU
		{552CB674-5565-4CC2-A40E-411111D131EC}.Release|Any CPU.Deploy.0 = Release|Any CPU
		{552CB674-5565-4CC2-A40E-411111D131EC}.Release|ARM.ActiveCfg = Release|Any CPU
		{552CB674-5565-4CC2-A40E-411111D131EC}.Release|ARM.Build.0 = Release|Any CPU
		{552CB674-5565-4CC2-A40E-411111D131EC}.Release|ARM.Deploy.0 = Release|Any CPU
		{552CB674-5565-4CC2-A40E-411111D131EC}.Release|iPhone.ActiveCfg = Release|Any CPU
		{552CB674-5565-4CC2-A40E-411111D131EC}.Release|iPhone.Build.0 = Release|Any CPU
		{552CB674-5565-4CC2-A40E-411111D131EC}.Release|iPhone.Deploy.0 = Release|Any CPU
		{552CB674-5565-4CC2-A40E-411111D131EC}.Release|iPhoneSimulator.ActiveCfg = Release|Any CPU
		{552CB674-5565-4CC2-A40E-411111D131EC}.Release|iPhoneSimulator.Build.0 = Release|Any CPU
		{552CB674-5565-4CC2-A40E-411111D131EC}.Release|iPhoneSimulator.Deploy.0 = Release|Any CPU
		{552CB674-5565-4CC2-A40E-411111D131EC}.Release|x64.ActiveCfg = Release|Any CPU
		{552CB674-5565-4CC2-A40E-411111D131EC}.Release|x64.Build.0 = Release|Any CPU
		{552CB674-5565-4CC2-A40E-411111D131EC}.Release|x64.Deploy.0 = Release|Any CPU
		{552CB674-5565-4CC2-A40E-411111D131EC}.Release|x86.ActiveCfg = Release|Any CPU
		{552CB674-5565-4CC2-A40E-411111D131EC}.Release|x86.Build.0 = Release|Any CPU
		{552CB674-5565-4CC2-A40E-411111D131EC}.Release|x86.Deploy.0 = Release|Any CPU
		{7C53F21F-2697-459D-905B-C764E9C802CE}.Debug|Any CPU.ActiveCfg = Debug|iPhone
		{7C53F21F-2697-459D-905B-C764E9C802CE}.Debug|Any CPU.Build.0 = Debug|iPhone
		{7C53F21F-2697-459D-905B-C764E9C802CE}.Debug|Any CPU.Deploy.0 = Debug|iPhone
		{7C53F21F-2697-459D-905B-C764E9C802CE}.Debug|ARM.ActiveCfg = Debug|iPhoneSimulator
		{7C53F21F-2697-459D-905B-C764E9C802CE}.Debug|ARM.Build.0 = Debug|iPhoneSimulator
		{7C53F21F-2697-459D-905B-C764E9C802CE}.Debug|ARM.Deploy.0 = Debug|iPhoneSimulator
		{7C53F21F-2697-459D-905B-C764E9C802CE}.Debug|iPhone.ActiveCfg = Debug|iPhone
		{7C53F21F-2697-459D-905B-C764E9C802CE}.Debug|iPhone.Build.0 = Debug|iPhone
		{7C53F21F-2697-459D-905B-C764E9C802CE}.Debug|iPhone.Deploy.0 = Debug|iPhone
		{7C53F21F-2697-459D-905B-C764E9C802CE}.Debug|iPhoneSimulator.ActiveCfg = Debug|iPhoneSimulator
		{7C53F21F-2697-459D-905B-C764E9C802CE}.Debug|iPhoneSimulator.Build.0 = Debug|iPhoneSimulator
		{7C53F21F-2697-459D-905B-C764E9C802CE}.Debug|iPhoneSimulator.Deploy.0 = Debug|iPhoneSimulator
		{7C53F21F-2697-459D-905B-C764E9C802CE}.Debug|x64.ActiveCfg = Debug|iPhone
		{7C53F21F-2697-459D-905B-C764E9C802CE}.Debug|x64.Build.0 = Debug|iPhone
		{7C53F21F-2697-459D-905B-C764E9C802CE}.Debug|x64.Deploy.0 = Debug|iPhone
		{7C53F21F-2697-459D-905B-C764E9C802CE}.Debug|x86.ActiveCfg = Debug|iPhone
		{7C53F21F-2697-459D-905B-C764E9C802CE}.Debug|x86.Build.0 = Debug|iPhone
		{7C53F21F-2697-459D-905B-C764E9C802CE}.Debug|x86.Deploy.0 = Debug|iPhone
		{7C53F21F-2697-459D-905B-C764E9C802CE}.Release|Any CPU.ActiveCfg = Release|iPhone
		{7C53F21F-2697-459D-905B-C764E9C802CE}.Release|Any CPU.Build.0 = Release|iPhone
		{7C53F21F-2697-459D-905B-C764E9C802CE}.Release|Any CPU.Deploy.0 = Release|iPhone
		{7C53F21F-2697-459D-905B-C764E9C802CE}.Release|ARM.ActiveCfg = Release|iPhone
		{7C53F21F-2697-459D-905B-C764E9C802CE}.Release|ARM.Build.0 = Release|iPhone
		{7C53F21F-2697-459D-905B-C764E9C802CE}.Release|ARM.Deploy.0 = Release|iPhone
		{7C53F21F-2697-459D-905B-C764E9C802CE}.Release|iPhone.ActiveCfg = Release|iPhone
		{7C53F21F-2697-459D-905B-C764E9C802CE}.Release|iPhone.Build.0 = Release|iPhone
		{7C53F21F-2697-459D-905B-C764E9C802CE}.Release|iPhone.Deploy.0 = Release|iPhone
		{7C53F21F-2697-459D-905B-C764E9C802CE}.Release|iPhoneSimulator.ActiveCfg = Release|iPhoneSimulator
		{7C53F21F-2697-459D-905B-C764E9C802CE}.Release|iPhoneSimulator.Build.0 = Release|iPhoneSimulator
		{7C53F21F-2697-459D-905B-C764E9C802CE}.Release|iPhoneSimulator.Deploy.0 = Release|iPhoneSimulator
		{7C53F21F-2697-459D-905B-C764E9C802CE}.Release|x64.ActiveCfg = Release|iPhone
		{7C53F21F-2697-459D-905B-C764E9C802CE}.Release|x64.Build.0 = Release|iPhone
		{7C53F21F-2697-459D-905B-C764E9C802CE}.Release|x64.Deploy.0 = Release|iPhone
		{7C53F21F-2697-459D-905B-C764E9C802CE}.Release|x86.ActiveCfg = Release|iPhone
		{7C53F21F-2697-459D-905B-C764E9C802CE}.Release|x86.Build.0 = Release|iPhone
		{7C53F21F-2697-459D-905B-C764E9C802CE}.Release|x86.Deploy.0 = Release|iPhone
		{F7717DB5-FB68-44D4-BDB8-217BF37BDB00}.Debug|Any CPU.ActiveCfg = Debug|Any CPU
		{F7717DB5-FB68-44D4-BDB8-217BF37BDB00}.Debug|Any CPU.Build.0 = Debug|Any CPU
		{F7717DB5-FB68-44D4-BDB8-217BF37BDB00}.Debug|Any CPU.Deploy.0 = Debug|Any CPU
		{F7717DB5-FB68-44D4-BDB8-217BF37BDB00}.Debug|ARM.ActiveCfg = Debug|Any CPU
		{F7717DB5-FB68-44D4-BDB8-217BF37BDB00}.Debug|ARM.Build.0 = Debug|Any CPU
		{F7717DB5-FB68-44D4-BDB8-217BF37BDB00}.Debug|ARM.Deploy.0 = Debug|Any CPU
		{F7717DB5-FB68-44D4-BDB8-217BF37BDB00}.Debug|iPhone.ActiveCfg = Debug|Any CPU
		{F7717DB5-FB68-44D4-BDB8-217BF37BDB00}.Debug|iPhone.Build.0 = Debug|Any CPU
		{F7717DB5-FB68-44D4-BDB8-217BF37BDB00}.Debug|iPhone.Deploy.0 = Debug|Any CPU
		{F7717DB5-FB68-44D4-BDB8-217BF37BDB00}.Debug|iPhoneSimulator.ActiveCfg = Debug|Any CPU
		{F7717DB5-FB68-44D4-BDB8-217BF37BDB00}.Debug|iPhoneSimulator.Build.0 = Debug|Any CPU
		{F7717DB5-FB68-44D4-BDB8-217BF37BDB00}.Debug|iPhoneSimulator.Deploy.0 = Debug|Any CPU
		{F7717DB5-FB68-44D4-BDB8-217BF37BDB00}.Debug|x64.ActiveCfg = Debug|Any CPU
		{F7717DB5-FB68-44D4-BDB8-217BF37BDB00}.Debug|x64.Build.0 = Debug|Any CPU
		{F7717DB5-FB68-44D4-BDB8-217BF37BDB00}.Debug|x64.Deploy.0 = Debug|Any CPU
		{F7717DB5-FB68-44D4-BDB8-217BF37BDB00}.Debug|x86.ActiveCfg = Debug|Any CPU
		{F7717DB5-FB68-44D4-BDB8-217BF37BDB00}.Debug|x86.Build.0 = Debug|Any CPU
		{F7717DB5-FB68-44D4-BDB8-217BF37BDB00}.Debug|x86.Deploy.0 = Debug|Any CPU
		{F7717DB5-FB68-44D4-BDB8-217BF37BDB00}.Release|Any CPU.ActiveCfg = Release|Any CPU
		{F7717DB5-FB68-44D4-BDB8-217BF37BDB00}.Release|Any CPU.Build.0 = Release|Any CPU
		{F7717DB5-FB68-44D4-BDB8-217BF37BDB00}.Release|Any CPU.Deploy.0 = Release|Any CPU
		{F7717DB5-FB68-44D4-BDB8-217BF37BDB00}.Release|ARM.ActiveCfg = Release|Any CPU
		{F7717DB5-FB68-44D4-BDB8-217BF37BDB00}.Release|ARM.Build.0 = Release|Any CPU
		{F7717DB5-FB68-44D4-BDB8-217BF37BDB00}.Release|ARM.Deploy.0 = Release|Any CPU
		{F7717DB5-FB68-44D4-BDB8-217BF37BDB00}.Release|iPhone.ActiveCfg = Release|Any CPU
		{F7717DB5-FB68-44D4-BDB8-217BF37BDB00}.Release|iPhone.Build.0 = Release|Any CPU
		{F7717DB5-FB68-44D4-BDB8-217BF37BDB00}.Release|iPhone.Deploy.0 = Release|Any CPU
		{F7717DB5-FB68-44D4-BDB8-217BF37BDB00}.Release|iPhoneSimulator.ActiveCfg = Release|Any CPU
		{F7717DB5-FB68-44D4-BDB8-217BF37BDB00}.Release|iPhoneSimulator.Build.0 = Release|Any CPU
		{F7717DB5-FB68-44D4-BDB8-217BF37BDB00}.Release|iPhoneSimulator.Deploy.0 = Release|Any CPU
		{F7717DB5-FB68-44D4-BDB8-217BF37BDB00}.Release|x64.ActiveCfg = Release|Any CPU
		{F7717DB5-FB68-44D4-BDB8-217BF37BDB00}.Release|x64.Build.0 = Release|Any CPU
		{F7717DB5-FB68-44D4-BDB8-217BF37BDB00}.Release|x64.Deploy.0 = Release|Any CPU
		{F7717DB5-FB68-44D4-BDB8-217BF37BDB00}.Release|x86.ActiveCfg = Release|Any CPU
		{F7717DB5-FB68-44D4-BDB8-217BF37BDB00}.Release|x86.Build.0 = Release|Any CPU
		{F7717DB5-FB68-44D4-BDB8-217BF37BDB00}.Release|x86.Deploy.0 = Release|Any CPU
	EndGlobalSection
	GlobalSection(SolutionProperties) = preSolution
		HideSolutionNode = FALSE
	EndGlobalSection
	GlobalSection(ExtensibilityGlobals) = postSolution
		SolutionGuid = {BCBA71CB-30BB-4572-A98C-D95AEE64AE51}
	EndGlobalSection
EndGlobal
